{
	"name": "apexstats",
	"version": "2.0.0",
	"lockfileVersion": 3,
	"requires": true,
	"packages": {
		"": {
			"name": "apexstats",
			"version": "2.0.0",
			"license": "ISC",
			"dependencies": {
				"@napi-rs/canvas": "^1.0.5",
				"axios": "^1.19.0",
				"better-sqlite3": "^13.0.3",
				"chalk": "4.1.2",
				"discord.js": "^14.27.0",
				"dotenv": "^17.4.2",
				"mysql2": "^3.23.2"
			}
		},
		"node_modules/@discordjs/builders": {
			"version": "1.14.1",
			"resolved": "https://registry.npmjs.org/@discordjs/builders/-/builders-1.14.1.tgz",
			"integrity": "sha512-gSKkhXLqs96TCzk66VZuHHl8z2bQMJFGwrXC0f33ngK+FLNau4hU1PYny3DNJfNdSH+gVMzE85/d5FQ2BpcNwQ==",
			"license": "Apache-2.0",
			"dependencies": {
				"@discordjs/formatters": "^0.6.2",
				"@discordjs/util": "^1.2.0",
				"@sapphire/shapeshift": "^4.0.0",
				"discord-api-types": "^0.38.40",
				"fast-deep-equal": "^3.1.3",
				"ts-mixer": "^6.0.4",
				"tslib": "^2.6.3"
			},
			"engines": {
				"node": ">=16.11.0"
			},
			"funding": {
				"url": "https://github.com/discordjs/discord.js?sponsor"
			}
		},
		"node_modules/@discordjs/collection": {
			"version": "1.5.3",
			"resolved": "https://registry.npmjs.org/@discordjs/collection/-/collection-1.5.3.tgz",
			"integrity": "sha512-SVb428OMd3WO1paV3rm6tSjM4wC+Kecaa1EUGX7vc6/fddvw/6lg90z4QtCqm21zvVe92vMMDt9+DkIvjXImQQ==",
			"license": "Apache-2.0",
			"engines": {
				"node": ">=16.11.0"
			}
		},
		"node_modules/@discordjs/formatters": {
			"version": "0.6.2",
			"resolved": "https://registry.npmjs.org/@discordjs/formatters/-/formatters-0.6.2.tgz",
			"integrity": "sha512-y4UPwWhH6vChKRkGdMB4odasUbHOUwy7KL+OVwF86PvT6QVOwElx+TiI1/6kcmcEe+g5YRXJFiXSXUdabqZOvQ==",
			"license": "Apache-2.0",
			"dependencies": {
				"discord-api-types": "^0.38.33"
			},
			"engines": {
				"node": ">=16.11.0"
			},
			"funding": {
				"url": "https://github.com/discordjs/discord.js?sponsor"
			}
		},
		"node_modules/@discordjs/rest": {
			"version": "2.6.3",
			"resolved": "https://registry.npmjs.org/@discordjs/rest/-/rest-2.6.3.tgz",
			"integrity": "sha512-wvOylxNYJkwKjctS/Mn5GP1w9r3/rzyH+ThD1JlAca6zEdlHs8QWBBUQJpU5Q+W6DoIj/Ljh1IPlZs7hTU+UAg==",
			"license": "Apache-2.0",
			"dependencies": {
				"@discordjs/collection": "^2.1.1",
				"@discordjs/util": "^1.2.0",
				"@sapphire/async-queue": "^1.5.3",
				"@sapphire/snowflake": "^3.5.5",
				"@vladfrangu/async_event_emitter": "^2.4.6",
				"discord-api-types": "^0.38.50",
				"magic-bytes.js": "^1.13.0",
				"tslib": "^2.6.3",
				"undici": "^6.27.0"
			},
			"engines": {
				"node": ">=18"
			},
			"funding": {
				"url": "https://github.com/discordjs/discord.js?sponsor"
			}
		},
		"node_modules/@discordjs/rest/node_modules/@discordjs/collection": {
			"version": "2.1.1",
			"resolved": "https://registry.npmjs.org/@discordjs/collection/-/collection-2.1.1.tgz",
			"integrity": "sha512-LiSusze9Tc7qF03sLCujF5iZp7K+vRNEDBZ86FT9aQAv3vxMLihUvKvpsCWiQ2DJq1tVckopKm1rxomgNUc9hg==",
			"license": "Apache-2.0",
			"engines": {
				"node": ">=18"
			},
			"funding": {
				"url": "https://github.com/discordjs/discord.js?sponsor"
			}
		},
		"node_modules/@discordjs/util": {
			"version": "1.2.0",
			"resolved": "https://registry.npmjs.org/@discordjs/util/-/util-1.2.0.tgz",
			"integrity": "sha512-3LKP7F2+atl9vJFhaBjn4nOaSWahZ/yWjOvA4e5pnXkt2qyXRCHLxoBQy81GFtLGCq7K9lPm9R517M1U+/90Qg==",
			"license": "Apache-2.0",
			"dependencies": {
				"discord-api-types": "^0.38.33"
			},
			"engines": {
				"node": ">=18"
			},
			"funding": {
				"url": "https://github.com/discordjs/discord.js?sponsor"
			}
		},
		"node_modules/@discordjs/ws": {
			"version": "1.2.3",
			"resolved": "https://registry.npmjs.org/@discordjs/ws/-/ws-1.2.3.tgz",
			"integrity": "sha512-wPlQDxEmlDg5IxhJPuxXr3Vy9AjYq5xCvFWGJyD7w7Np8ZGu+Mc+97LCoEc/+AYCo2IDpKioiH0/c/mj5ZR9Uw==",
			"license": "Apache-2.0",
			"dependencies": {
				"@discordjs/collection": "^2.1.0",
				"@discordjs/rest": "^2.5.1",
				"@discordjs/util": "^1.1.0",
				"@sapphire/async-queue": "^1.5.2",
				"@types/ws": "^8.5.10",
				"@vladfrangu/async_event_emitter": "^2.2.4",
				"discord-api-types": "^0.38.1",
				"tslib": "^2.6.2",
				"ws": "^8.17.0"
			},
			"engines": {
				"node": ">=16.11.0"
			},
			"funding": {
				"url": "https://github.com/discordjs/discord.js?sponsor"
			}
		},
		"node_modules/@discordjs/ws/node_modules/@discordjs/collection": {
			"version": "2.1.1",
			"resolved": "https://registry.npmjs.org/@discordjs/collection/-/collection-2.1.1.tgz",
			"integrity": "sha512-LiSusze9Tc7qF03sLCujF5iZp7K+vRNEDBZ86FT9aQAv3vxMLihUvKvpsCWiQ2DJq1tVckopKm1rxomgNUc9hg==",
			"license": "Apache-2.0",
			"engines": {
				"node": ">=18"
			},
			"funding": {
				"url": "https://github.com/discordjs/discord.js?sponsor"
			}
		},
		"node_modules/@napi-rs/canvas": {
			"version": "1.0.5",
			"resolved": "https://registry.npmjs.org/@napi-rs/canvas/-/canvas-1.0.5.tgz",
			"integrity": "sha512-GaPlicMtnvgPr5SowFRprkEJicDSrV3qCq17U4jiF5u0kNORZo3IbdN2Bk4SfcZJAMYFHbMVJ81O3w21CYxazg==",
			"license": "MIT",
			"workspaces": [
				"e2e/*"
			],
			"engines": {
				"node": ">= 10"
			},
			"funding": {
				"type": "github",
				"url": "https://github.com/sponsors/Brooooooklyn"
			},
			"optionalDependencies": {
				"@napi-rs/canvas-android-arm64": "1.0.5",
				"@napi-rs/canvas-darwin-arm64": "1.0.5",
				"@napi-rs/canvas-darwin-x64": "1.0.5",
				"@napi-rs/canvas-linux-arm-gnueabihf": "1.0.5",
				"@napi-rs/canvas-linux-arm64-gnu": "1.0.5",
				"@napi-rs/canvas-linux-arm64-musl": "1.0.5",
				"@napi-rs/canvas-linux-riscv64-gnu": "1.0.5",
				"@napi-rs/canvas-linux-x64-gnu": "1.0.5",
				"@napi-rs/canvas-linux-x64-musl": "1.0.5",
				"@napi-rs/canvas-win32-arm64-msvc": "1.0.5",
				"@napi-rs/canvas-win32-x64-msvc": "1.0.5"
			}
		},
		"node_modules/@napi-rs/canvas-android-arm64": {
			"version": "1.0.5",
			"resolved": "https://registry.npmjs.org/@napi-rs/canvas-android-arm64/-/canvas-android-arm64-1.0.5.tgz",
			"integrity": "sha512-ZzDlpKQocwFfCwhMh17UWre6Qt5yZN3kNIJoUpGfRZqwDDZ164IKOsPOHsRd3d8Tuj5KM6bDjGuPmZxuPuG3NQ==",
			"cpu": [
				"arm64"
			],
			"license": "MIT",
			"optional": true,
			"os": [
				"android"
			],
			"engines": {
				"node": ">= 10"
			},
			"funding": {
				"type": "github",
				"url": "https://github.com/sponsors/Brooooooklyn"
			}
		},
		"node_modules/@napi-rs/canvas-darwin-arm64": {
			"version": "1.0.5",
			"resolved": "https://registry.npmjs.org/@napi-rs/canvas-darwin-arm64/-/canvas-darwin-arm64-1.0.5.tgz",
			"integrity": "sha512-Hr8v6CA/TBe+OJOePdV3sXWxzQHQKfQsTKPbc8wG7iPqVeAx6MMdzKGXlYID6SVvpfwV/zqkvGcdImYWSlhrZg==",
			"cpu": [
				"arm64"
			],
			"license": "MIT",
			"optional": true,
			"os": [
				"darwin"
			],
			"engines": {
				"node": ">= 10"
			},
			"funding": {
				"type": "github",
				"url": "https://github.com/sponsors/Brooooooklyn"
			}
		},
		"node_modules/@napi-rs/canvas-darwin-x64": {
			"version": "1.0.5",
			"resolved": "https://registry.npmjs.org/@napi-rs/canvas-darwin-x64/-/canvas-darwin-x64-1.0.5.tgz",
			"integrity": "sha512-9BXlLHBXpYnK4jSae1MdFdyPq09Xi1I3PeCNpvRzqgmUUBhgJS7aC1z7SZEP8JUXDHtbfIrolCS3sFuT9IGP2A==",
			"cpu": [
				"x64"
			],
			"license": "MIT",
			"optional": true,
			"os": [
				"darwin"
			],
			"engines": {
				"node": ">= 10"
			},
			"funding": {
				"type": "github",
				"url": "https://github.com/sponsors/Brooooooklyn"
			}
		},
		"node_modules/@napi-rs/canvas-linux-arm-gnueabihf": {
			"version": "1.0.5",
			"resolved": "https://registry.npmjs.org/@napi-rs/canvas-linux-arm-gnueabihf/-/canvas-linux-arm-gnueabihf-1.0.5.tgz",
			"integrity": "sha512-zEW4fgvtYsOJ/N56Us4TQPfaFrUf0shGr9CgGSj3GACc+NHfUM3ci0YF9xFTjwJWGDmaEhYPL6KqCfFCxwm/qg==",
			"cpu": [
				"arm"
			],
			"license": "MIT",
			"optional": true,
			"os": [
				"linux"
			],
			"engines": {
				"node": ">= 10"
			},
			"funding": {
				"type": "github",
				"url": "https://github.com/sponsors/Brooooooklyn"
			}
		},
		"node_modules/@napi-rs/canvas-linux-arm64-gnu": {
			"version": "1.0.5",
			"resolved": "https://registry.npmjs.org/@napi-rs/canvas-linux-arm64-gnu/-/canvas-linux-arm64-gnu-1.0.5.tgz",
			"integrity": "sha512-HFprwLspelJxCEtZvdMcz95Mwvfs63GzFVedLFmC/wslHnaOXhjXxgYxPCM/VdM4Jhx3CV4Lk0vVmh6hJv2etQ==",
			"cpu": [
				"arm64"
			],
			"libc": [
				"glibc"
			],
			"license": "MIT",
			"optional": true,
			"os": [
				"linux"
			],
			"engines": {
				"node": ">= 10"
			},
			"funding": {
				"type": "github",
				"url": "https://github.com/sponsors/Brooooooklyn"
			}
		},
		"node_modules/@napi-rs/canvas-linux-arm64-musl": {
			"version": "1.0.5",
			"resolved": "https://registry.npmjs.org/@napi-rs/canvas-linux-arm64-musl/-/canvas-linux-arm64-musl-1.0.5.tgz",
			"integrity": "sha512-FNMGFAx8DvtDwlLfWyBJ+oQjgPXoIAqCnNTJYqtJCFRwwzK3AyAe5B1Ll3NZ6hcOzqw7HylZsq4nQxVyPCQX1Q==",
			"cpu": [
				"arm64"
			],
			"libc": [
				"musl"
			],
			"license": "MIT",
			"optional": true,
			"os": [
				"linux"
			],
			"engines": {
				"node": ">= 10"
			},
			"funding": {
				"type": "github",
				"url": "https://github.com/sponsors/Brooooooklyn"
			}
		},
		"node_modules/@napi-rs/canvas-linux-riscv64-gnu": {
			"version": "1.0.5",
			"resolved": "https://registry.npmjs.org/@napi-rs/canvas-linux-riscv64-gnu/-/canvas-linux-riscv64-gnu-1.0.5.tgz",
			"integrity": "sha512-2vd5v8Lui+37Hh/spITKIvTT384ip4dnUc5XBn0E+sMNS4b7au7IswyT5YDG2udPTjSh/eLUs3sGuB5YHooFOA==",
			"cpu": [
				"riscv64"
			],
			"libc": [
				"glibc"
			],
			"license": "MIT",
			"optional": true,
			"os": [
				"linux"
			],
			"engines": {
				"node": ">= 10"
			},
			"funding": {
				"type": "github",
				"url": "https://github.com/sponsors/Brooooooklyn"
			}
		},
		"node_modules/@napi-rs/canvas-linux-x64-gnu": {
			"version": "1.0.5",
			"resolved": "https://registry.npmjs.org/@napi-rs/canvas-linux-x64-gnu/-/canvas-linux-x64-gnu-1.0.5.tgz",
			"integrity": "sha512-iQIPy+Uey0expZTOszLri5n8rY7x4WUpMaY82mcXNIgbil30iHvc01OsiizhZC1KQHTK90RFMFWSpwFU+ON3aA==",
			"cpu": [
				"x64"
			],
			"libc": [
				"glibc"
			],
			"license": "MIT",
			"optional": true,
			"os": [
				"linux"
			],
			"engines": {
				"node": ">= 10"
			},
			"funding": {
				"type": "github",
				"url": "https://github.com/sponsors/Brooooooklyn"
			}
		},
		"node_modules/@napi-rs/canvas-linux-x64-musl": {
			"version": "1.0.5",
			"resolved": "https://registry.npmjs.org/@napi-rs/canvas-linux-x64-musl/-/canvas-linux-x64-musl-1.0.5.tgz",
			"integrity": "sha512-Npthji25t7FUqIAKsoEkFS0qY5CYVkHjvI3tuZjDTG92wX8g4dst+Lfb4hhubdqPazlDcIwalPzInsFCtf3FFg==",
			"cpu": [
				"x64"
			],
			"libc": [
				"musl"
			],
			"license": "MIT",
			"optional": true,
			"os": [
				"linux"
			],
			"engines": {
				"node": ">= 10"
			},
			"funding": {
				"type": "github",
				"url": "https://github.com/sponsors/Brooooooklyn"
			}
		},
		"node_modules/@napi-rs/canvas-win32-arm64-msvc": {
			"version": "1.0.5",
			"resolved": "https://registry.npmjs.org/@napi-rs/canvas-win32-arm64-msvc/-/canvas-win32-arm64-msvc-1.0.5.tgz",
			"integrity": "sha512-bi+JsdCdbfVJDoAQybTYmkLKwh1xpYpptg5j/BNr2BB56u4/R26jrVvtjqff+CxYMXV6Kz1/jeDVhZCuj6bDng==",
			"cpu": [
				"arm64"
			],
			"license": "MIT",
			"optional": true,
			"os": [
				"win32"
			],
			"engines": {
				"node": ">= 10"
			},
			"funding": {
				"type": "github",
				"url": "https://github.com/sponsors/Brooooooklyn"
			}
		},
		"node_modules/@napi-rs/canvas-win32-x64-msvc": {
			"version": "1.0.5",
			"resolved": "https://registry.npmjs.org/@napi-rs/canvas-win32-x64-msvc/-/canvas-win32-x64-msvc-1.0.5.tgz",
			"integrity": "sha512-KQQwG9/sBmcGxqaLFIQf+k2OefREGoyEaIBmRuTM8bUuFKOEE9Xk5pel90hE6pmBwk/vo4RB0OdX+FxobJGMFw==",
			"cpu": [
				"x64"
			],
			"license": "MIT",
			"optional": true,
			"os": [
				"win32"
			],
			"engines": {
				"node": ">= 10"
			},
			"funding": {
				"type": "github",
				"url": "https://github.com/sponsors/Brooooooklyn"
			}
		},
		"node_modules/@sapphire/async-queue": {
			"version": "1.5.5",
			"resolved": "https://registry.npmjs.org/@sapphire/async-queue/-/async-queue-1.5.5.tgz",
			"integrity": "sha512-cvGzxbba6sav2zZkH8GPf2oGk9yYoD5qrNWdu9fRehifgnFZJMV+nuy2nON2roRO4yQQ+v7MK/Pktl/HgfsUXg==",
			"license": "MIT",
			"engines": {
				"node": ">=v14.0.0",
				"npm": ">=7.0.0"
			}
		},
		"node_modules/@sapphire/shapeshift": {
			"version": "4.0.0",
			"resolved": "https://registry.npmjs.org/@sapphire/shapeshift/-/shapeshift-4.0.0.tgz",
			"integrity": "sha512-d9dUmWVA7MMiKobL3VpLF8P2aeanRTu6ypG2OIaEv/ZHH/SUQ2iHOVyi5wAPjQ+HmnMuL0whK9ez8I/raWbtIg==",
			"license": "MIT",
			"dependencies": {
				"fast-deep-equal": "^3.1.3",
				"lodash": "^4.17.21"
			},
			"engines": {
				"node": ">=v16"
			}
		},
		"node_modules/@sapphire/snowflake": {
			"version": "3.5.5",
			"resolved": "https://registry.npmjs.org/@sapphire/snowflake/-/snowflake-3.5.5.tgz",
			"integrity": "sha512-xzvBr1Q1c4lCe7i6sRnrofxeO1QTP/LKQ6A6qy0iB4x5yfiSfARMEQEghojzTNALDTcv8En04qYNIco9/K9eZQ==",
			"license": "MIT",
			"engines": {
				"node": ">=v14.0.0",
				"npm": ">=7.0.0"
			}
		},
		"node_modules/@types/node": {
			"version": "25.9.2",
			"resolved": "https://registry.npmjs.org/@types/node/-/node-25.9.2.tgz",
			"integrity": "sha512-G05zqtJhcDLb8uslf5EjCxXg9G1KQxiV8OS0R26IC//Eoyitzqe8z37I7cqvnZlrlSfgocQRfSn/AHBZJJFyGw==",
			"license": "MIT",
			"dependencies": {
				"undici-types": ">=7.24.0 <7.24.7"
			}
		},
		"node_modules/@types/ws": {
			"version": "8.18.1",
			"resolved": "https://registry.npmjs.org/@types/ws/-/ws-8.18.1.tgz",
			"integrity": "sha512-ThVF6DCVhA8kUGy+aazFQ4kXQ7E1Ty7A3ypFOe0IcJV8O/M511G99AW24irKrW56Wt44yG9+ij8FaqoBGkuBXg==",
			"license": "MIT",
			"dependencies": {
				"@types/node": "*"
			}
		},
		"node_modules/@vladfrangu/async_event_emitter": {
			"version": "2.4.7",
			"resolved": "https://registry.npmjs.org/@vladfrangu/async_event_emitter/-/async_event_emitter-2.4.7.tgz",
			"integrity": "sha512-Xfe6rpCTxSxfbswi/W/Pz7zp1WWSNn4A0eW4mLkQUewCrXXtMj31lCg+iQyTkh/CkusZSq9eDflu7tjEDXUY6g==",
			"license": "MIT",
			"engines": {
				"node": ">=v14.0.0",
				"npm": ">=7.0.0"
			}
		},
		"node_modules/agent-base": {
			"version": "6.0.2",
			"resolved": "https://registry.npmjs.org/agent-base/-/agent-base-6.0.2.tgz",
			"integrity": "sha512-RZNwNclF7+MS/8bDg70amg32dyeZGZxiDuQmZxKLAlQjr3jGyLx+4Kkk58UO7D2QdgFIQCovuSuZESne6RG6XQ==",
			"license": "MIT",
			"dependencies": {
				"debug": "4"
			},
			"engines": {
				"node": ">= 6.0.0"
			}
		},
		"node_modules/ansi-styles": {
			"version": "4.3.0",
			"resolved": "https://registry.npmjs.org/ansi-styles/-/ansi-styles-4.3.0.tgz",
			"integrity": "sha512-zbB9rCJAT1rbjiVDb2hqKFHNYLxgtk8NURxZ3IZwD3F6NtxbXZQCnnSi1Lkx+IDohdPlFp222wVALIheZJQSEg==",
			"license": "MIT",
			"dependencies": {
				"color-convert": "^2.0.1"
			},
			"engines": {
				"node": ">=8"
			},
			"funding": {
				"url": "https://github.com/chalk/ansi-styles?sponsor=1"
			}
		},
		"node_modules/asynckit": {
			"version": "0.4.0",
			"resolved": "https://registry.npmjs.org/asynckit/-/asynckit-0.4.0.tgz",
			"integrity": "sha512-Oei9OH4tRh0YqU3GxhX79dM/mwVgvbZJaSNaRk+bshkj0S5cfHcgYakreBjrHwatXKbz+IoIdYLxrKim2MjW0Q==",
			"license": "MIT"
		},
		"node_modules/aws-ssl-profiles": {
			"version": "1.1.2",
			"resolved": "https://registry.npmjs.org/aws-ssl-profiles/-/aws-ssl-profiles-1.1.2.tgz",
			"integrity": "sha512-NZKeq9AfyQvEeNlN0zSYAaWrmBffJh3IELMZfRpJVWgrpEbtEpnjvzqBPf+mxoI287JohRDoa+/nsfqqiZmF6g==",
			"license": "MIT",
			"engines": {
				"node": ">= 6.0.0"
			}
		},
		"node_modules/axios": {
			"version": "1.19.0",
			"resolved": "https://registry.npmjs.org/axios/-/axios-1.19.0.tgz",
			"integrity": "sha512-ht/iuYZXEjFxLH/Hkezgd7m6JKlHHXEUSneaDz8uZe1Gj5QZtCnpyDsckvAiEnT89OEbCLmnte4R4sn7P0EKFw==",
			"license": "MIT",
			"dependencies": {
				"follow-redirects": "^1.16.0",
				"form-data": "^4.0.6",
				"https-proxy-agent": "^5.0.1",
				"proxy-from-env": "^2.1.0"
			}
		},
		"node_modules/better-sqlite3": {
			"version": "13.0.3",
			"resolved": "https://registry.npmjs.org/better-sqlite3/-/better-sqlite3-13.0.3.tgz",
			"integrity": "sha512-RbOBxmLBG8uvFUc15X9+9SFemKcQ0WBuISBVkpuiaUB2qblC8UWlHEjdWVoZ8AdhSwmoEgsiXKfopX0CQxaACQ==",
			"license": "MIT",
			"dependencies": {
				"node-addon-api": "^8.0.0"
			},
			"engines": {
				"node": ">=22"
			}
		},
		"node_modules/call-bind-apply-helpers": {
			"version": "1.0.2",
			"resolved": "https://registry.npmjs.org/call-bind-apply-helpers/-/call-bind-apply-helpers-1.0.2.tgz",
			"integrity": "sha512-Sp1ablJ0ivDkSzjcaJdxEunN5/XvksFJ2sMBFfq6x0ryhQV/2b/KwFe21cMpmHtPOSij8K99/wSfoEuTObmuMQ==",
			"license": "MIT",
			"dependencies": {
				"es-errors": "^1.3.0",
				"function-bind": "^1.1.2"
			},
			"engines": {
				"node": ">= 0.4"
			}
		},
		"node_modules/chalk": {
			"version": "4.1.2",
			"resolved": "https://registry.npmjs.org/chalk/-/chalk-4.1.2.tgz",
			"integrity": "sha512-oKnbhFyRIXpUuez8iBMmyEa4nbj4IOQyuhc/wy9kY7/WVPcwIO9VA668Pu8RkO7+0G76SLROeyw9CpQ061i4mA==",
			"license": "MIT",
			"dependencies": {
				"ansi-styles": "^4.1.0",
				"supports-color": "^7.1.0"
			},
			"engines": {
				"node": ">=10"
			},
			"funding": {
				"url": "https://github.com/chalk/chalk?sponsor=1"
			}
		},
		"node_modules/color-convert": {
			"version": "2.0.1",
			"resolved": "https://registry.npmjs.org/color-convert/-/color-convert-2.0.1.tgz",
			"integrity": "sha512-RRECPsj7iu/xb5oKYcsFHSppFNnsj/52OVTRKb4zP5onXwVF3zVmmToNcOfGC+CRDpfK/U584fMg38ZHCaElKQ==",
			"license": "MIT",
			"dependencies": {
				"color-name": "~1.1.4"
			},
			"engines": {
				"node": ">=7.0.0"
			}
		},
		"node_modules/color-name": {
			"version": "1.1.4",
			"resolved": "https://registry.npmjs.org/color-name/-/color-name-1.1.4.tgz",
			"integrity": "sha512-dOy+3AuW3a2wNbZHIuMZpTcgjGuLU/uBL/ubcZF9OXbDo8ff4O8yVp5Bf0efS8uEoYo5q4Fx7dY9OgQGXgAsQA==",
			"license": "MIT"
		},
		"node_modules/combined-stream": {
			"version": "1.0.8",
			"resolved": "https://registry.npmjs.org/combined-stream/-/combined-stream-1.0.8.tgz",
			"integrity": "sha512-FQN4MRfuJeHf7cBbBMJFXhKSDq+2kAArBlmRBvcvFE5BB1HZKXtSFASDhdlz9zOYwxh8lDdnvmMOe/+5cdoEdg==",
			"license": "MIT",
			"dependencies": {
				"delayed-stream": "~1.0.0"
			},
			"engines": {
				"node": ">= 0.8"
			}
		},
		"node_modules/debug": {
			"version": "4.4.3",
			"resolved": "https://registry.npmjs.org/debug/-/debug-4.4.3.tgz",
			"integrity": "sha512-RGwwWnwQvkVfavKVt22FGLw+xYSdzARwm0ru6DhTVA3umU5hZc28V3kO4stgYryrTlLpuvgI9GiijltAjNbcqA==",
			"license": "MIT",
			"dependencies": {
				"ms": "^2.1.3"
			},
			"engines": {
				"node": ">=6.0"
			},
			"peerDependenciesMeta": {
				"supports-color": {
					"optional": true
				}
			}
		},
		"node_modules/delayed-stream": {
			"version": "1.0.0",
			"resolved": "https://registry.npmjs.org/delayed-stream/-/delayed-stream-1.0.0.tgz",
			"integrity": "sha512-ZySD7Nf91aLB0RxL4KGrKHBXl7Eds1DAmEdcoVawXnLD7SDhpNgtuII2aAkg7a7QS41jxPSZ17p4VdGnMHk3MQ==",
			"license": "MIT",
			"engines": {
				"node": ">=0.4.0"
			}
		},
		"node_modules/denque": {
			"version": "2.1.0",
			"resolved": "https://registry.npmjs.org/denque/-/denque-2.1.0.tgz",
			"integrity": "sha512-HVQE3AAb/pxF8fQAoiqpvg9i3evqug3hoiwakOyZAwJm+6vZehbkYXZ0l4JxS+I3QxM97v5aaRNhj8v5oBhekw==",
			"license": "Apache-2.0",
			"engines": {
				"node": ">=0.10"
			}
		},
		"node_modules/discord-api-types": {
			"version": "0.38.53",
			"resolved": "https://registry.npmjs.org/discord-api-types/-/discord-api-types-0.38.53.tgz",
			"integrity": "sha512-HL1zz/UuZ+bbJjA/X8Kbxx9gk8v9rJAbTeWRNYKmIdjwJ7EovjlHgoJTxcLpATfNJ+AonOtMdy3Y5MVIJAAd/A==",
			"license": "MIT",
			"workspaces": [
				"scripts/actions/documentation"
			]
		},
		"node_modules/discord.js": {
			"version": "14.27.0",
			"resolved": "https://registry.npmjs.org/discord.js/-/discord.js-14.27.0.tgz",
			"integrity": "sha512-qHbFlFG2N7y3LjPySYsL6A1+BnX6bkTVgo842EX0CqVPk/KTMwZkojPHEXKsQUpWZNyz5BISNHK1cPpQw0+m4A==",
			"license": "Apache-2.0",
			"dependencies": {
				"@discordjs/builders": "^1.14.1",
				"@discordjs/collection": "1.5.3",
				"@discordjs/formatters": "^0.6.2",
				"@discordjs/rest": "^2.6.2",
				"@discordjs/util": "^1.2.0",
				"@discordjs/ws": "^1.2.3",
				"@sapphire/snowflake": "3.5.5",
				"discord-api-types": "^0.38.49",
				"fast-deep-equal": "3.1.3",
				"lodash.snakecase": "4.1.1",
				"magic-bytes.js": "^1.13.0",
				"tslib": "^2.6.3",
				"undici": "^6.27.0"
			},
			"engines": {
				"node": ">=18"
			},
			"funding": {
				"url": "https://github.com/discordjs/discord.js?sponsor"
			}
		},
		"node_modules/dotenv": {
			"version": "17.4.2",
			"resolved": "https://registry.npmjs.org/dotenv/-/dotenv-17.4.2.tgz",
			"integrity": "sha512-nI4U3TottKAcAD9LLud4Cb7b2QztQMUEfHbvhTH09bqXTxnSie8WnjPALV/WMCrJZ6UV/qHJ6L03OqO3LcdYZw==",
			"license": "BSD-2-Clause",
			"engines": {
				"node": ">=12"
			},
			"funding": {
				"url": "https://dotenvx.com"
			}
		},
		"node_modules/dunder-proto": {
			"version": "1.0.1",
			"resolved": "https://registry.npmjs.org/dunder-proto/-/dunder-proto-1.0.1.tgz",
			"integrity": "sha512-KIN/nDJBQRcXw0MLVhZE9iQHmG68qAVIBg9CqmUYjmQIhgij9U5MFvrqkUL5FbtyyzZuOeOt0zdeRe4UY7ct+A==",
			"license": "MIT",
			"dependencies": {
				"call-bind-apply-helpers": "^1.0.1",
				"es-errors": "^1.3.0",
				"gopd": "^1.2.0"
			},
			"engines": {
				"node": ">= 0.4"
			}
		},
		"node_modules/es-define-property": {
			"version": "1.0.1",
			"resolved": "https://registry.npmjs.org/es-define-property/-/es-define-property-1.0.1.tgz",
			"integrity": "sha512-e3nRfgfUZ4rNGL232gUgX06QNyyez04KdjFrF+LTRoOXmrOgFKDg4BCdsjW8EnT69eqdYGmRpJwiPVYNrCaW3g==",
			"license": "MIT",
			"engines": {
				"node": ">= 0.4"
			}
		},
		"node_modules/es-errors": {
			"version": "1.3.0",
			"resolved": "https://registry.npmjs.org/es-errors/-/es-errors-1.3.0.tgz",
			"integrity": "sha512-Zf5H2Kxt2xjTvbJvP2ZWLEICxA6j+hAmMzIlypy4xcBg1vKVnx89Wy0GbS+kf5cwCVFFzdCFh2XSCFNULS6csw==",
			"license": "MIT",
			"engines": {
				"node": ">= 0.4"
			}
		},
		"node_modules/es-object-atoms": {
			"version": "1.1.2",
			"resolved": "https://registry.npmjs.org/es-object-atoms/-/es-object-atoms-1.1.2.tgz",
			"integrity": "sha512-HWcBoN6NileqtSydK2FqHbS/LoDd2pqrnQHLyJzBj4kOp/ky2MWMN694xOfkK8/SnUsW2DH7EfyVlydKCsm1Zw==",
			"license": "MIT",
			"dependencies": {
				"es-errors": "^1.3.0"
			},
			"engines": {
				"node": ">= 0.4"
			}
		},
		"node_modules/es-set-tostringtag": {
			"version": "2.1.0",
			"resolved": "https://registry.npmjs.org/es-set-tostringtag/-/es-set-tostringtag-2.1.0.tgz",
			"integrity": "sha512-j6vWzfrGVfyXxge+O0x5sh6cvxAog0a/4Rdd2K36zCMV5eJ+/+tOAngRO8cODMNWbVRdVlmGZQL2YS3yR8bIUA==",
			"license": "MIT",
			"dependencies": {
				"es-errors": "^1.3.0",
				"get-intrinsic": "^1.2.6",
				"has-tostringtag": "^1.0.2",
				"hasown": "^2.0.2"
			},
			"engines": {
				"node": ">= 0.4"
			}
		},
		"node_modules/fast-deep-equal": {
			"version": "3.1.3",
			"resolved": "https://registry.npmjs.org/fast-deep-equal/-/fast-deep-equal-3.1.3.tgz",
			"integrity": "sha512-f3qQ9oQy9j2AhBe/H9VC91wLmKBCCU/gDOnKNAYG5hswO7BLKj09Hc5HYNz9cGI++xlpDCIgDaitVs03ATR84Q==",
			"license": "MIT"
		},
		"node_modules/follow-redirects": {
			"version": "1.16.0",
			"resolved": "https://registry.npmjs.org/follow-redirects/-/follow-redirects-1.16.0.tgz",
			"integrity": "sha512-y5rN/uOsadFT/JfYwhxRS5R7Qce+g3zG97+JrtFZlC9klX/W5hD7iiLzScI4nZqUS7DNUdhPgw4xI8W2LuXlUw==",
			"funding": [
				{
					"type": "individual",
					"url": "https://github.com/sponsors/RubenVerborgh"
				}
			],
			"license": "MIT",
			"engines": {
				"node": ">=4.0"
			},
			"peerDependenciesMeta": {
				"debug": {
					"optional": true
				}
			}
		},
		"node_modules/form-data": {
			"version": "4.0.6",
			"resolved": "https://registry.npmjs.org/form-data/-/form-data-4.0.6.tgz",
			"integrity": "sha512-vKatAh4SlVfgbv+YtmhiRjhEMJsYpsG1Y2rMQtR+SVSbytsSD1YGzDIcrAJmdFec88u/+VoGmxnl+80gL1tRCQ==",
			"license": "MIT",
			"dependencies": {
				"asynckit": "^0.4.0",
				"combined-stream": "^1.0.8",
				"es-set-tostringtag": "^2.1.0",
				"hasown": "^2.0.4",
				"mime-types": "^2.1.35"
			},
			"engines": {
				"node": ">= 6"
			}
		},
		"node_modules/function-bind": {
			"version": "1.1.2",
			"resolved": "https://registry.npmjs.org/function-bind/-/function-bind-1.1.2.tgz",
			"integrity": "sha512-7XHNxH7qX9xG5mIwxkhumTox/MIRNcOgDrxWsMt2pAr23WHp6MrRlN7FBSFpCpr+oVO0F744iUgR82nJMfG2SA==",
			"license": "MIT",
			"funding": {
				"url": "https://github.com/sponsors/ljharb"
			}
		},
		"node_modules/generate-function": {
			"version": "2.3.1",
			"resolved": "https://registry.npmjs.org/generate-function/-/generate-function-2.3.1.tgz",
			"integrity": "sha512-eeB5GfMNeevm/GRYq20ShmsaGcmI81kIX2K9XQx5miC8KdHaC6Jm0qQ8ZNeGOi7wYB8OsdxKs+Y2oVuTFuVwKQ==",
			"license": "MIT",
			"dependencies": {
				"is-property": "^1.0.2"
			}
		},
		"node_modules/get-intrinsic": {
			"version": "1.3.0",
			"resolved": "https://registry.npmjs.org/get-intrinsic/-/get-intrinsic-1.3.0.tgz",
			"integrity": "sha512-9fSjSaos/fRIVIp+xSJlE6lfwhES7LNtKaCBIamHsjr2na1BiABJPo0mOjjz8GJDURarmCPGqaiVg5mfjb98CQ==",
			"license": "MIT",
			"dependencies": {
				"call-bind-apply-helpers": "^1.0.2",
				"es-define-property": "^1.0.1",
				"es-errors": "^1.3.0",
				"es-object-atoms": "^1.1.1",
				"function-bind": "^1.1.2",
				"get-proto": "^1.0.1",
				"gopd": "^1.2.0",
				"has-symbols": "^1.1.0",
				"hasown": "^2.0.2",
				"math-intrinsics": "^1.1.0"
			},
			"engines": {
				"node": ">= 0.4"
			},
			"funding": {
				"url": "https://github.com/sponsors/ljharb"
			}
		},
		"node_modules/get-proto": {
			"version": "1.0.1",
			"resolved": "https://registry.npmjs.org/get-proto/-/get-proto-1.0.1.tgz",
			"integrity": "sha512-sTSfBjoXBp89JvIKIefqw7U2CCebsc74kiY6awiGogKtoSGbgjYE/G/+l9sF3MWFPNc9IcoOC4ODfKHfxFmp0g==",
			"license": "MIT",
			"dependencies": {
				"dunder-proto": "^1.0.1",
				"es-object-atoms": "^1.0.0"
			},
			"engines": {
				"node": ">= 0.4"
			}
		},
		"node_modules/gopd": {
			"version": "1.2.0",
			"resolved": "https://registry.npmjs.org/gopd/-/gopd-1.2.0.tgz",
			"integrity": "sha512-ZUKRh6/kUFoAiTAtTYPZJ3hw9wNxx+BIBOijnlG9PnrJsCcSjs1wyyD6vJpaYtgnzDrKYRSqf3OO6Rfa93xsRg==",
			"license": "MIT",
			"engines": {
				"node": ">= 0.4"
			},
			"funding": {
				"url": "https://github.com/sponsors/ljharb"
			}
		},
		"node_modules/has-flag": {
			"version": "4.0.0",
			"resolved": "https://registry.npmjs.org/has-flag/-/has-flag-4.0.0.tgz",
			"integrity": "sha512-EykJT/Q1KjTWctppgIAgfSO0tKVuZUjhgMr17kqTumMl6Afv3EISleU7qZUzoXDFTAHTDC4NOoG/ZxU3EvlMPQ==",
			"license": "MIT",
			"engines": {
				"node": ">=8"
			}
		},
		"node_modules/has-symbols": {
			"version": "1.1.0",
			"resolved": "https://registry.npmjs.org/has-symbols/-/has-symbols-1.1.0.tgz",
			"integrity": "sha512-1cDNdwJ2Jaohmb3sg4OmKaMBwuC48sYni5HUw2DvsC8LjGTLK9h+eb1X6RyuOHe4hT0ULCW68iomhjUoKUqlPQ==",
			"license": "MIT",
			"engines": {
				"node": ">= 0.4"
			},
			"funding": {
				"url": "https://github.com/sponsors/ljharb"
			}
		},
		"node_modules/has-tostringtag": {
			"version": "1.0.2",
			"resolved": "https://registry.npmjs.org/has-tostringtag/-/has-tostringtag-1.0.2.tgz",
			"integrity": "sha512-NqADB8VjPFLM2V0VvHUewwwsw0ZWBaIdgo+ieHtK3hasLz4qeCRjYcqfB6AQrBggRKppKF8L52/VqdVsO47Dlw==",
			"license": "MIT",
			"dependencies": {
				"has-symbols": "^1.0.3"
			},
			"engines": {
				"node": ">= 0.4"
			},
			"funding": {
				"url": "https://github.com/sponsors/ljharb"
			}
		},
		"node_modules/hasown": {
			"version": "2.0.4",
			"resolved": "https://registry.npmjs.org/hasown/-/hasown-2.0.4.tgz",
			"integrity": "sha512-T2UbfbBEF32wiepXIsMlTW9+dDYC6wMh/t/vYA4tuOMKqWz/n3vr1NFSxQiyP+zk2mXsoMA/i/7qV6LKut1t1A==",
			"license": "MIT",
			"dependencies": {
				"function-bind": "^1.1.2"
			},
			"engines": {
				"node": ">= 0.4"
			}
		},
		"node_modules/https-proxy-agent": {
			"version": "5.0.1",
			"resolved": "https://registry.npmjs.org/https-proxy-agent/-/https-proxy-agent-5.0.1.tgz",
			"integrity": "sha512-dFcAjpTQFgoLMzC2VwU+C/CbS7uRL0lWmxDITmqm7C+7F0Odmj6s9l6alZc6AELXhrnggM2CeWSXHGOdX2YtwA==",
			"license": "MIT",
			"dependencies": {
				"agent-base": "6",
				"debug": "4"
			},
			"engines": {
				"node": ">= 6"
			}
		},
		"node_modules/iconv-lite": {
			"version": "0.7.2",
			"resolved": "https://registry.npmjs.org/iconv-lite/-/iconv-lite-0.7.2.tgz",
			"integrity": "sha512-im9DjEDQ55s9fL4EYzOAv0yMqmMBSZp6G0VvFyTMPKWxiSBHUj9NW/qqLmXUwXrrM7AvqSlTCfvqRb0cM8yYqw==",
			"license": "MIT",
			"dependencies": {
				"safer-buffer": ">= 2.1.2 < 3.0.0"
			},
			"engines": {
				"node": ">=0.10.0"
			},
			"funding": {
				"type": "opencollective",
				"url": "https://opencollective.com/express"
			}
		},
		"node_modules/is-property": {
			"version": "1.0.2",
			"resolved": "https://registry.npmjs.org/is-property/-/is-property-1.0.2.tgz",
			"integrity": "sha512-Ks/IoX00TtClbGQr4TWXemAnktAQvYB7HzcCxDGqEZU6oCmb2INHuOoKxbtR+HFkmYWBKv/dOZtGRiAjDhj92g==",
			"license": "MIT"
		},
		"node_modules/lodash": {
			"version": "4.18.1",
			"resolved": "https://registry.npmjs.org/lodash/-/lodash-4.18.1.tgz",
			"integrity": "sha512-dMInicTPVE8d1e5otfwmmjlxkZoUpiVLwyeTdUsi/Caj/gfzzblBcCE5sRHV/AsjuCmxWrte2TNGSYuCeCq+0Q==",
			"license": "MIT"
		},
		"node_modules/lodash.snakecase": {
			"version": "4.1.1",
			"resolved": "https://registry.npmjs.org/lodash.snakecase/-/lodash.snakecase-4.1.1.tgz",
			"integrity": "sha512-QZ1d4xoBHYUeuouhEq3lk3Uq7ldgyFXGBhg04+oRLnIz8o9T65Eh+8YdroUwn846zchkA9yDsDl5CVVaV2nqYw==",
			"license": "MIT"
		},
		"node_modules/long": {
			"version": "5.3.2",
			"resolved": "https://registry.npmjs.org/long/-/long-5.3.2.tgz",
			"integrity": "sha512-mNAgZ1GmyNhD7AuqnTG3/VQ26o760+ZYBPKjPvugO8+nLbYfX6TVpJPseBvopbdY+qpZ/lKUnmEc1LeZYS3QAA==",
			"license": "Apache-2.0"
		},
		"node_modules/lru.min": {
			"version": "1.1.4",
			"resolved": "https://registry.npmjs.org/lru.min/-/lru.min-1.1.4.tgz",
			"integrity": "sha512-DqC6n3QQ77zdFpCMASA1a3Jlb64Hv2N2DciFGkO/4L9+q/IpIAuRlKOvCXabtRW6cQf8usbmM6BE/TOPysCdIA==",
			"license": "MIT",
			"engines": {
				"bun": ">=1.0.0",
				"deno": ">=1.30.0",
				"node": ">=8.0.0"
			},
			"funding": {
				"type": "github",
				"url": "https://github.com/sponsors/wellwelwel"
			}
		},
		"node_modules/magic-bytes.js": {
			"version": "1.13.0",
			"resolved": "https://registry.npmjs.org/magic-bytes.js/-/magic-bytes.js-1.13.0.tgz",
			"integrity": "sha512-afO2mnxW7GDTXMm5/AoN1WuOcdoKhtgXjIvHmobqTD1grNplhGdv3PFOyjCVmrnOZBIT/gD/koDKpYG+0mvHcg==",
			"license": "MIT"
		},
		"node_modules/math-intrinsics": {
			"version": "1.1.0",
			"resolved": "https://registry.npmjs.org/math-intrinsics/-/math-intrinsics-1.1.0.tgz",
			"integrity": "sha512-/IXtbwEk5HTPyEwyKX6hGkYXxM9nbj64B+ilVJnC/R6B0pH5G4V3b0pVbL7DBj4tkhBAppbQUlf6F6Xl9LHu1g==",
			"license": "MIT",
			"engines": {
				"node": ">= 0.4"
			}
		},
		"node_modules/mime-db": {
			"version": "1.52.0",
			"resolved": "https://registry.npmjs.org/mime-db/-/mime-db-1.52.0.tgz",
			"integrity": "sha512-sPU4uV7dYlvtWJxwwxHD0PuihVNiE7TyAbQ5SWxDCB9mUYvOgroQOwYQQOKPJ8CIbE+1ETVlOoK1UC2nU3gYvg==",
			"license": "MIT",
			"engines": {
				"node": ">= 0.6"
			}
		},
		"node_modules/mime-types": {
			"version": "2.1.35",
			"resolved": "https://registry.npmjs.org/mime-types/-/mime-types-2.1.35.tgz",
			"integrity": "sha512-ZDY+bPm5zTTF+YpCrAU9nK0UgICYPT0QtT1NZWFv4s++TNkcgVaT0g6+4R2uI4MjQjzysHB1zxuWL50hzaeXiw==",
			"license": "MIT",
			"dependencies": {
				"mime-db": "1.52.0"
			},
			"engines": {
				"node": ">= 0.6"
			}
		},
		"node_modules/ms": {
			"version": "2.1.3",
			"resolved": "https://registry.npmjs.org/ms/-/ms-2.1.3.tgz",
			"integrity": "sha512-6FlzubTLZG3J2a/NVCAleEhjzq5oxgHyaCU9yYXvcLsvoVaHJq/s5xXI6/XXP6tz7R9xAOtHnSO/tXtF3WRTlA==",
			"license": "MIT"
		},
		"node_modules/mysql2": {
			"version": "3.23.2",
			"resolved": "https://registry.npmjs.org/mysql2/-/mysql2-3.23.2.tgz",
			"integrity": "sha512-fxh3HpQ8vJtu/Mmnd4Xsur19jGjHGzRLMxptiDtOkbX7EVBgnafGSGDx1WGGVmJLClVh2LeeBMMo24IFv8wCyQ==",
			"license": "MIT",
			"dependencies": {
				"aws-ssl-profiles": "^1.1.2",
				"denque": "^2.1.0",
				"generate-function": "^2.3.1",
				"iconv-lite": "^0.7.2",
				"long": "^5.3.2",
				"lru.min": "^1.1.4",
				"named-placeholders": "^1.1.6",
				"sql-escaper": "^1.5.1"
			},
			"engines": {
				"node": ">= 8.0"
			},
			"peerDependencies": {
				"@types/node": ">= 8"
			}
		},
		"node_modules/named-placeholders": {
			"version": "1.1.6",
			"resolved": "https://registry.npmjs.org/named-placeholders/-/named-placeholders-1.1.6.tgz",
			"integrity": "sha512-Tz09sEL2EEuv5fFowm419c1+a/jSMiBjI9gHxVLrVdbUkkNUUfjsVYs9pVZu5oCon/kmRh9TfLEObFtkVxmY0w==",
			"license": "MIT",
			"dependencies": {
				"lru.min": "^1.1.0"
			},
			"engines": {
				"node": ">=8.0.0"
			}
		},
		"node_modules/node-addon-api": {
			"version": "8.9.1",
			"resolved": "https://registry.npmjs.org/node-addon-api/-/node-addon-api-8.9.1.tgz",
			"integrity": "sha512-4eUQWVPCUUUiBjLnHS3cXWeC6ryoPUc0U3rP7IuzapoGbzMqd/r6KKO0clr0b+snQhsrueFEhCZDdK+LK7hxKg==",
			"license": "MIT",
			"engines": {
				"node": "^18 || ^20 || >= 21"
			}
		},
		"node_modules/proxy-from-env": {
			"version": "2.1.0",
			"resolved": "https://registry.npmjs.org/proxy-from-env/-/proxy-from-env-2.1.0.tgz",
			"integrity": "sha512-cJ+oHTW1VAEa8cJslgmUZrc+sjRKgAKl3Zyse6+PV38hZe/V6Z14TbCuXcan9F9ghlz4QrFr2c92TNF82UkYHA==",
			"license": "MIT",
			"engines": {
				"node": ">=10"
			}
		},
		"node_modules/safer-buffer": {
			"version": "2.1.2",
			"resolved": "https://registry.npmjs.org/safer-buffer/-/safer-buffer-2.1.2.tgz",
			"integrity": "sha512-YZo3K82SD7Riyi0E1EQPojLz7kpepnSQI9IyPbHHg1XXXevb5dJI7tpyN2ADxGcQbHG7vcyRHk0cbwqcQriUtg==",
			"license": "MIT"
		},
		"node_modules/sql-escaper": {
			"version": "1.5.1",
			"resolved": "https://registry.npmjs.org/sql-escaper/-/sql-escaper-1.5.1.tgz",
			"integrity": "sha512-4toX5E1fQbBrpfXidaHnF0669nkAdETeIPTs2SUjxxD7RRIs9ICG4gtpmfc68JCEKehsdwLFqBu9VlQqZ1P1gg==",
			"license": "MIT",
			"engines": {
				"bun": ">=1.0.0",
				"deno": ">=2.0.0",
				"node": ">=12.0.0"
			},
			"funding": {
				"type": "github",
				"url": "https://github.com/mysqljs/sql-escaper?sponsor=1"
			}
		},
		"node_modules/supports-color": {
			"version": "7.2.0",
			"resolved": "https://registry.npmjs.org/supports-color/-/supports-color-7.2.0.tgz",
			"integrity": "sha512-qpCAvRl9stuOHveKsn7HncJRvv501qIacKzQlO/+Lwxc9+0q2wLyv4Dfvt80/DPn2pqOBsJdDiogXGR9+OvwRw==",
			"license": "MIT",
			"dependencies": {
				"has-flag": "^4.0.0"
			},
			"engines": {
				"node": ">=8"
			}
		},
		"node_modules/ts-mixer": {
			"version": "6.0.4",
			"resolved": "https://registry.npmjs.org/ts-mixer/-/ts-mixer-6.0.4.tgz",
			"integrity": "sha512-ufKpbmrugz5Aou4wcr5Wc1UUFWOLhq+Fm6qa6P0w0K5Qw2yhaUoiWszhCVuNQyNwrlGiscHOmqYoAox1PtvgjA==",
			"license": "MIT"
		},
		"node_modules/tslib": {
			"version": "2.8.1",
			"resolved": "https://registry.npmjs.org/tslib/-/tslib-2.8.1.tgz",
			"integrity": "sha512-oJFu94HQb+KVduSUQL7wnpmqnfmLsOA/nAh6b6EH0wCEoK0/mPeXU6c3wKDV83MkOuHPRHtSXKKU99IBazS/2w==",
			"license": "0BSD"
		},
		"node_modules/undici": {
			"version": "6.28.0",
			"resolved": "https://registry.npmjs.org/undici/-/undici-6.28.0.tgz",
			"integrity": "sha512-LIY910g9TI13YS95lrMFrs8Rm/u/irgHeTWoKCoteeJ04CUJ92eEfj0rVn+7VKMPBpUPiUoBKfhNyLI23EE/KA==",
			"license": "MIT",
			"engines": {
				"node": ">=18.17"
			}
		},
		"node_modules/undici-types": {
			"version": "7.24.6",
			"resolved": "https://registry.npmjs.org/undici-types/-/undici-types-7.24.6.tgz",
			"integrity": "sha512-WRNW+sJgj5OBN4/0JpHFqtqzhpbnV0GuB+OozA9gCL7a993SmU+1JBZCzLNxYsbMfIeDL+lTsphD5jN5N+n0zg==",
			"license": "MIT"
		},
		"node_modules/ws": {
			"version": "8.21.0",
			"resolved": "https://registry.npmjs.org/ws/-/ws-8.21.0.tgz",
			"integrity": "sha512-Vsp28b7DRcimFQvrqu2Wek3z1iYxDCWqHYB8Qsnk/S4RfaCQzPGPyBNuVjJV3cd6UiKtUtp6sNM77gWvzcCH+g==",
			"license": "MIT",
			"engines": {
				"node": ">=10.0.0"
			},
			"peerDependencies": {
				"bufferutil": "^4.0.1",
				"utf-8-validate": ">=5.0.2"
			},
			"peerDependenciesMeta": {
				"bufferutil": {
					"optional": true
				},
				"utf-8-validate": {
					"optional": true
				}
			}
		}
	}
}
